// !$*UTF8*$!
{
	archiveVersion = 1;
	classes = {
	};
	objectVersion = 50;
	objects = {

/* Begin PBXBuildFile section */
		1EA27E482648E20F008FE6B5 /* WebKitViewController.swift in Sources */ = {isa = PBXBuildFile; fileRef = 1EA27E472648E20F008FE6B5 /* WebKitViewController.swift */; };
		1EC259A1264233C300452416 /* AppDelegate.swift in Sources */ = {isa = PBXBuildFile; fileRef = 1EC259A0264233C300452416 /* AppDelegate.swift */; };
		1EC259A3264233C300452416 /* SceneDelegate.swift in Sources */ = {isa = PBXBuildFile; fileRef = 1EC259A2264233C300452416 /* SceneDelegate.swift */; };
		1EC259A5264233C300452416 /* ViewController.swift in Sources */ = {isa = PBXBuildFile; fileRef = 1EC259A4264233C300452416 /* ViewController.swift */; };
		1EC259A8264233C300452416 /* Main.storyboard in Resources */ = {isa = PBXBuildFile; fileRef = 1EC259A6264233C300452416 /* Main.storyboard */; };
		1EC259AB264233C300452416 /* App_MovieAPI.xcdatamodeld in Sources */ = {isa = PBXBuildFile; fileRef = 1EC259A9264233C300452416 /* App_MovieAPI.xcdatamodeld */; };
		1EC259AD264233C400452416 /* Assets.xcassets in Resources */ = {isa = PBXBuildFile; fileRef = 1EC259AC264233C400452416 /* Assets.xcassets */; };
		1EC259B0264233C400452416 /* LaunchScreen.storyboard in Resources */ = {isa = PBXBuildFile; fileRef = 1EC259AE264233C400452416 /* LaunchScreen.storyboard */; };
		1ECD9EAB26449DCC00825ACE /* MovieFetchRequest.swift in Sources */ = {isa = PBXBuildFile; fileRef = 1ECD9EAA26449DCC00825ACE /* MovieFetchRequest.swift */; };
/* End PBXBuildFile section */

/* Begin PBXFileReference section */
		1EA27E472648E20F008FE6B5 /* WebKitViewController.swift */ = {isa = PBXFileReference; lastKnownFileType = sourcecode.swift; path = WebKitViewController.swift; sourceTree = "<group>"; };
		1EC2599D264233C300452416 /* App_MovieAPI.app */ = {isa = PBXFileReference; explicitFileType = wrapper.application; includeInIndex = 0; path = App_MovieAPI.app; sourceTree = BUILT_PRODUCTS_DIR; };
		1EC259A0264233C300452416 /* AppDelegate.swift */ = {isa = PBXFileReference; lastKnownFileType = sourcecode.swift; path = AppDelegate.swift; sourceTree = "<group>"; };
		1EC259A2264233C300452416 /* SceneDelegate.swift */ = {isa = PBXFileReference; lastKnownFileType = sourcecode.swift; path = SceneDelegate.swift; sourceTree = "<group>"; };
		1EC259A4264233C300452416 /* ViewController.swift */ = {isa = PBXFileReference; lastKnownFileType = sourcecode.swift; path = ViewController.swift; sourceTree = "<group>"; };
		1EC259A7264233C300452416 /* Base */ = {isa = PBXFileReference; lastKnownFileType = file.storyboard; name = Base; path = Base.lproj/Main.storyboard; sourceTree = "<group>"; };
		1EC259AA264233C300452416 /* App_MovieAPI.xcdatamodel */ = {isa = PBXFileReference; lastKnownFileType = wrapper.xcdatamodel; path = App_MovieAPI.xcdatamodel; sourceTree = "<group>"; };
		1EC259AC264233C400452416 /* Assets.xcassets */ = {isa = PBXFileReference; lastKnownFileType = folder.assetcatalog; path = Assets.xcassets; sourceTree = "<group>"; };
		1EC259AF264233C400452416 /* Base */ = {isa = PBXFileReference; lastKnownFileType = file.storyboard; name = Base; path = Base.lproj/LaunchScreen.storyboard; sourceTree = "<group>"; };
		1EC259B1264233C400452416 /* Info.plist */ = {isa = PBXFileReference; lastKnownFileType = text.plist.xml; path = Info.plist; sourceTree = "<group>"; };
		1ECD9EAA26449DCC00825ACE /* MovieFetchRequest.swift */ = {isa = PBXFileReference; lastKnownFileType = sourcecode.swift; path = MovieFetchRequest.swift; sourceTree = "<group>"; };
/* End PBXFileReference section */

/* Begin PBXFrameworksBuildPhase section */
		1EC2599A264233C300452416 /* Frameworks */ = {
			isa = PBXFrameworksBuildPhase;
			buildActionMask = 2147483647;
			files = (
			);
			runOnlyForDeploymentPostprocessing = 0;
		};
/* End PBXFrameworksBuildPhase section */

/* Begin PBXGroup section */
		1EC25994264233C300452416 = {
			isa = PBXGroup;
			children = (
				1EC2599F264233C300452416 /* App_MovieAPI */,
				1EC2599E264233C300452416 /* Products */,
			);
			sourceTree = "<group>";
		};
		1EC2599E264233C300452416 /* Products */ = {
			isa = PBXGroup;
			children = (
				1EC2599D264233C300452416 /* App_MovieAPI.app */,
			);
			name = Products;
			sourceTree = "<group>";
		};
		1EC2599F264233C300452416 /* App_MovieAPI */ = {
			isa = PBXGroup;
			children = (
				1EC259A0264233C300452416 /* AppDelegate.swift */,
				1EC259A2264233C300452416 /* SceneDelegate.swift */,
				1EC259A4264233C300452416 /* ViewController.swift */,
				1ECD9EAA26449DCC00825ACE /* MovieFetchRequest.swift */,
				1EC259A6264233C300452416 /* Main.storyboard */,
				1EA27E472648E20F008FE6B5 /* WebKitViewController.swift */,
				1EC259AC264233C400452416 /* Assets.xcassets */,
				1EC259AE264233C400452416 /* LaunchScreen.storyboard */,
				1EC259B1264233C400452416 /* Info.plist */,
				1EC259A9264233C300452416 /* App_MovieAPI.xcdatamodeld */,
			);
			path = App_MovieAPI;
			sourceTree = "<group>";
		};
/* End PBXGroup section */

/* Begin PBXNativeTarget section */
		1EC2599C264233C300452416 /* App_MovieAPI */ = {
			isa = PBXNativeTarget;
			buildConfigurationList = 1EC259B4264233C400452416 /* Build configuration list for PBXNativeTarget "App_MovieAPI" */;
			buildPhases = (
				1EC25999264233C300452416 /* Sources */,
				1EC2599A264233C300452416 /* Frameworks */,
				1EC2599B264233C300452416 /* Resources */,
			);
			buildRules = (
			);
			dependencies = (
			);
			name = App_MovieAPI;
			productName = App_MovieAPI;
			productReference = 1EC2599D264233C300452416 /* App_MovieAPI.app */;
			productType = "com.apple.product-type.application";
		};
/* End PBXNativeTarget section */

/* Begin PBXProject section */
		1EC25995264233C300452416 /* Project object */ = {
			isa = PBXProject;
			attributes = {
				LastSwiftUpdateCheck = 1250;
				LastUpgradeCheck = 1250;
				TargetAttributes = {
					1EC2599C264233C300452416 = {
						CreatedOnToolsVersion = 12.5;
					};
				};
			};
			buildConfigurationList = 1EC25998264233C300452416 /* Build configuration list for PBXProject "App_MovieAPI" */;
			compatibilityVersion = "Xcode 9.3";
			developmentRegion = en;
			hasScannedForEncodings = 0;
			knownRegions = (
				en,
				Base,
			);
			mainGroup = 1EC25994264233C300452416;
			productRefGroup = 1EC2599E264233C300452416 /* Products */;
			projectDirPath = "";
			projectRoot = "";
			targets = (
				1EC2599C264233C300452416 /* App_MovieAPI */,
			);
		};
/* End PBXProject section */

/* Begin PBXResourcesBuildPhase section */
		1EC2599B264233C300452416 /* Resources */ = {
			isa = PBXResourcesBuildPhase;
			buildActionMask = 2147483647;
			files = (
				1EC259B0264233C400452416 /* LaunchScreen.storyboard in Resources */,
				1EC259AD264233C400452416 /* Assets.xcassets in Resources */,
				1EC259A8264233C300452416 /* Main.storyboard in Resources */,
			);
			runOnlyForDeploymentPostprocessing = 0;
		};
/* End PBXResourcesBuildPhase section */

/* Begin PBXSourcesBuildPhase section */
		1EC25999264233C300452416 /* Sources */ = {
			isa = PBXSourcesBuildPhase;
			buildActionMask = 2147483647;
			files = (
				1EC259A5264233C300452416 /* ViewController.swift in Sources */,
				1EC259A1264233C300452416 /* AppDelegate.swift in Sources */,
				1EA27E482648E20F008FE6B5 /* WebKitViewController.swift in Sources */,
				1EC259A3264233C300452416 /* SceneDelegate.swift in Sources */,
				1EC259AB264233C300452416 /* App_MovieAPI.xcdatamodeld in Sources */,
				1ECD9EAB26449DCC00825ACE /* MovieFetchRequest.swift in Sources */,
			);
			runOnlyForDeploymentPostprocessing = 0;
		};
/* End PBXSourcesBuildPhase section */

/* Begin PBXVariantGroup section */
		1EC259A6264233C300452416 /* Main.storyboard */ = {
			isa = PBXVariantGroup;
			children = (
				1EC259A7264233C300452416 /* Base */,
			);
			name = Main.storyboard;
			sourceTree = "<group>";
		};
		1EC259AE264233C400452416 /* LaunchScreen.storyboard */ = {
			isa = PBXVariantGroup;
			children = (
				1EC259AF264233C400452416 /* Base */,
			);
			name = LaunchScreen.storyboard;
			sourceTree = "<group>";
		};
/* End PBXVariantGroup section */

/* Begin XCBuildConfiguration section */
		1EC259B2264233C400452416 /* Debug */ = {
			isa = XCBuildConfiguration;
			buildSettings = {
				ALWAYS_SEARCH_USER_PATHS = NO;
				CLANG_ANALYZER_NONNULL = YES;
				CLANG_ANALYZER_NUMBER_OBJECT_CONVERSION = YES_AGGRESSIVE;
				CLANG_CXX_LANGUAGE_STANDARD = "gnu++14";
				CLANG_CXX_LIBRARY = "libc++";
				CLANG_ENABLE_MODULES = YES;
				CLANG_ENABLE_OBJC_ARC = YES;
				CLANG_ENABLE_OBJC_WEAK = YES;
				CLANG_WARN_BLOCK_CAPTURE_AUTORELEASING = YES;
				CLANG_WARN_BOOL_CONVERSION = YES;
				CLANG_WARN_COMMA = YES;
				CLANG_WARN_CONSTANT_CONVERSION = YES;
				CLANG_WARN_DEPRECATED_OBJC_IMPLEMENTATIONS = YES;
				CLANG_WARN_DIRECT_OBJC_ISA_USAGE = YES_ERROR;
				CLANG_WARN_DOCUMENTATION_COMMENTS = YES;
				CLANG_WARN_EMPTY_BODY = YES;
				CLANG_WARN_ENUM_CONVERSION = YES;
				CLANG_WARN_INFINITE_RECURSION = YES;
				CLANG_WARN_INT_CONVERSION = YES;
				CLANG_WARN_NON_LITERAL_NULL_CONVERSION = YES;
				CLANG_WARN_OBJC_IMPLICIT_RETAIN_SELF = YES;
				CLANG_WARN_OBJC_LITERAL_CONVERSION = YES;
				CLANG_WARN_OBJC_ROOT_CLASS = YES_ERROR;
				CLANG_WARN_QUOTED_INCLUDE_IN_FRAMEWORK_HEADER = YES;
				CLANG_WARN_RANGE_LOOP_ANALYSIS = YES;
				CLANG_WARN_STRICT_PROTOTYPES = YES;
				CLANG_WARN_SUSPICIOUS_MOVE = YES;
				CLANG_WARN_UNGUARDED_AVAILABILITY = YES_AGGRESSIVE;
				CLANG_WARN_UNREACHABLE_CODE = YES;
				CLANG_WARN__DUPLICATE_METHOD_MATCH = YES;
				COPY_PHASE_STRIP = NO;
				DEBUG_INFORMATION_FORMAT = dwarf;
				ENABLE_STRICT_OBJC_MSGSEND = YES;
				ENABLE_TESTABILITY = YES;
				GCC_C_LANGUAGE_STANDARD = gnu11;
				GCC_DYNAMIC_NO_PIC = NO;
				GCC_NO_COMMON_BLOCKS = YES;
				GCC_OPTIMIZATION_LEVEL = 0;
				GCC_PREPROCESSOR_DEFINITIONS = (
					"DEBUG=1",
					"$(inherited)",
				);
				GCC_WARN_64_TO_32_BIT_CONVERSION = YES;
				GCC_WARN_ABOUT_RETURN_TYPE = YES_ERROR;
				GCC_WARN_UNDECLARED_SELECTOR = YES;
				GCC_WARN_UNINITIALIZED_AUTOS = YES_AGGRESSIVE;
				GCC_WARN_UNUSED_FUNCTION = YES;
				GCC_WARN_UNUSED_VARIABLE = YES;
				IPHONEOS_DEPLOYMENT_TARGET = 14.5;
				MTL_ENABLE_DEBUG_INFO = INCLUDE_SOURCE;
				MTL_FAST_MATH = YES;
				ONLY_ACTIVE_ARCH = YES;
				SDKROOT = iphoneos;
				SWIFT_ACTIVE_COMPILATION_CONDITIONS = DEBUG;
				SWIFT_OPTIMIZATION_LEVEL = "-Onone";
			};
			name = Debug;
		};
		1EC259B3264233C400452416 /* Release */ = {
			isa = XCBuildConfiguration;
			buildSettings = {
				ALWAYS_SEARCH_USER_PATHS = NO;
				CLANG_ANALYZER_NONNULL = YES;
				CLANG_ANALYZER_NUMBER_OBJECT_CONVERSION = YES_AGGRESSIVE;
				CLANG_CXX_LANGUAGE_STANDARD = "gnu++14";
				CLANG_CXX_LIBRARY = "libc++";
				CLANG_ENABLE_MODULES = YES;
				CLANG_ENABLE_OBJC_ARC = YES;
				CLANG_ENABLE_OBJC_WEAK = YES;
				CLANG_WARN_BLOCK_CAPTURE_AUTORELEASING = YES;
				CLANG_WARN_BOOL_CONVERSION = YES;
				CLANG_WARN_COMMA = YES;
				CLANG_WARN_CONSTANT_CONVERSION = YES;
				CLANG_WARN_DEPRECATED_OBJC_IMPLEMENTATIONS = YES;
				CLANG_WARN_DIRECT_OBJC_ISA_USAGE = YES_ERROR;
				CLANG_WARN_DOCUMENTATION_COMMENTS = YES;
				CLANG_WARN_EMPTY_BODY = YES;
				CLANG_WARN_ENUM_CONVERSION = YES;
				CLANG_WARN_INFINITE_RECURSION = YES;
				CLANG_WARN_INT_CONVERSION = YES;
				CLANG_WARN_NON_LITERAL_NULL_CONVERSION = YES;
				CLANG_WARN_OBJC_IMPLICIT_RETAIN_SELF = YES;
				CLANG_WARN_OBJC_LITERAL_CONVERSION = YES;
				CLANG_WARN_OBJC_ROOT_CLASS = YES_ERROR;
				CLANG_WARN_QUOTED_INCLUDE_IN_FRAMEWORK_HEADER = YES;
				CLANG_WARN_RANGE_LOOP_ANALYSIS = YES;
				CLANG_WARN_STRICT_PROTOTYPES = YES;
				CLANG_WARN_SUSPICIOUS_MOVE = YES;
				CLANG_WARN_UNGUARDED_AVAILABILITY = YES_AGGRESSIVE;
				CLANG_WARN_UNREACHABLE_CODE = YES;
				CLANG_WARN__DUPLICATE_METHOD_MATCH = YES;
				COPY_PHASE_STRIP = NO;
				DEBUG_INFORMATION_FORMAT = "dwarf-with-dsym";
				ENABLE_NS_ASSERTIONS = NO;
				ENABLE_STRICT_OBJC_MSGSEND = YES;
				GCC_C_LANGUAGE_STANDARD = gnu11;
				GCC_NO_COMMON_BLOCKS = YES;
				GCC_WARN_64_TO_32_BIT_CONVERSION = YES;
				GCC_WARN_ABOUT_RETURN_TYPE = YES_ERROR;
				GCC_WARN_UNDECLARED_SELECTOR = YES;
				GCC_WARN_UNINITIALIZED_AUTOS = YES_AGGRESSIVE;
				GCC_WARN_UNUSED_FUNCTION = YES;
				GCC_WARN_UNUSED_VARIABLE = YES;
				IPHONEOS_DEPLOYMENT_TARGET = 14.5;
				MTL_ENABLE_DEBUG_INFO = NO;
				MTL_FAST_MATH = YES;
				SDKROOT = iphoneos;
				SWIFT_COMPILATION_MODE = wholemodule;
				SWIFT_OPTIMIZATION_LEVEL = "-O";
				VALIDATE_PRODUCT = YES;
			};
			name = Release;
		};
		1EC259B5264233C400452416 /* Debug */ = {
			isa = XCBuildConfiguration;
			buildSettings = {
				ASSETCATALOG_COMPILER_APPICON_NAME = AppIcon;
				ASSETCATALOG_COMPILER_GLOBAL_ACCENT_COLOR_NAME = AccentColor;
				CODE_SIGN_STYLE = Automatic;
				DEVELOPMENT_TEAM = 9Y3YYN3XLN;
				INFOPLIST_FILE = App_MovieAPI/Info.plist;
				LD_RUNPATH_SEARCH_PATHS = (
					"$(inherited)",
					"@executable_path/Frameworks",
				);
				PRODUCT_BUNDLE_IDENTIFIER = "com.kaique.App-MovieAPI";
				PRODUCT_NAME = "$(TARGET_NAME)";
				SWIFT_VERSION = 5.0;
				TARGETED_DEVICE_FAMILY = "1,2";
			};
			name = Debug;
		};
		1EC259B6264233C400452416 /* Release */ = {
			isa = XCBuildConfiguration;
			buildSettings = {
				ASSETCATALOG_COMPILER_APPICON_NAME = AppIcon;
				ASSETCATALOG_COMPILER_GLOBAL_ACCENT_COLOR_NAME = AccentColor;
				CODE_SIGN_STYLE = Automatic;
				DEVELOPMENT_TEAM = 9Y3YYN3XLN;
				INFOPLIST_FILE = App_MovieAPI/Info.plist;
				LD_RUNPATH_SEARCH_PATHS = (
					"$(inherited)",
					"@executable_path/Frameworks",
				);
				PRODUCT_BUNDLE_IDENTIFIER = "com.kaique.App-MovieAPI";
				PRODUCT_NAME = "$(TARGET_NAME)";
				SWIFT_VERSION = 5.0;
				TARGETED_DEVICE_FAMILY = "1,2";
			};
			name = Release;
		};
/* End XCBuildConfiguration section */

/* Begin XCConfigurationList section */
		1EC25998264233C300452416 /* Build configuration list for PBXProject "App_MovieAPI" */ = {
			isa = XCConfigurationList;
			buildConfigurations = (
				1EC259B2264233C400452416 /* Debug */,
				1EC259B3264233C400452416 /* Release */,
			);
			defaultConfigurationIsVisible = 0;
			defaultConfigurationName = Release;
		};
		1EC259B4264233C400452416 /* Build configuration list for PBXNativeTarget "App_MovieAPI" */ = {
			isa = XCConfigurationList;
			buildConfigurations = (
				1EC259B5264233C400452416 /* Debug */,
				1EC259B6264233C400452416 /* Release */,
			);
			defaultConfigurationIsVisible = 0;
			defaultConfigurationName = Release;
		};
/* End XCConfigurationList section */

/* Begin XCVersionGroup section */
		1EC259A9264233C300452416 /* App_MovieAPI.xcdatamodeld */ = {
			isa = XCVersionGroup;
			children = (
				1EC259AA264233C300452416 /* App_MovieAPI.xcdatamodel */,
			);
			currentVersion = 1EC259AA264233C300452416 /* App_MovieAPI.xcdatamodel */;
			path = App_MovieAPI.xcdatamodeld;
			sourceTree = "<group>";
			versionGroupType = wrapper.xcdatamodel;
		};
/* End XCVersionGroup section */
	};
	rootObject = 1EC25995264233C300452416 /* Project object */;
}
